// !$*UTF8*$!
{
	archiveVersion = 1;
	classes = {
	};
	objectVersion = 50;
	objects = {

/* Begin PBXBuildFile section */
		EAEFC6D1235398EF008C77F1 /* AnimalDelegatesCell.swift in Sources */ = {isa = PBXBuildFile; fileRef = EAEFC6CF235398EF008C77F1 /* AnimalDelegatesCell.swift */; };
		EAEFC6D423539A0D008C77F1 /* DelegatesViewController.swift in Sources */ = {isa = PBXBuildFile; fileRef = EAEFC6D323539A0D008C77F1 /* DelegatesViewController.swift */; };
		EAEFC6D623539A19008C77F1 /* ClosuresViewController.swift in Sources */ = {isa = PBXBuildFile; fileRef = EAEFC6D523539A19008C77F1 /* ClosuresViewController.swift */; };
		EAEFC6D82353AB77008C77F1 /* Animal.swift in Sources */ = {isa = PBXBuildFile; fileRef = EAEFC6D72353AB77008C77F1 /* Animal.swift */; };
		EAEFC6DA2353ABEB008C77F1 /* AnimalClosuresCell.swift in Sources */ = {isa = PBXBuildFile; fileRef = EAEFC6D92353ABEB008C77F1 /* AnimalClosuresCell.swift */; };
		EAF360032353754200C3115C /* AppDelegate.swift in Sources */ = {isa = PBXBuildFile; fileRef = EAF360022353754200C3115C /* AppDelegate.swift */; };
		EAF360052353754200C3115C /* SceneDelegate.swift in Sources */ = {isa = PBXBuildFile; fileRef = EAF360042353754200C3115C /* SceneDelegate.swift */; };
		EAF3600A2353754200C3115C /* Main.storyboard in Resources */ = {isa = PBXBuildFile; fileRef = EAF360082353754200C3115C /* Main.storyboard */; };
		EAF3600C2353754300C3115C /* Assets.xcassets in Resources */ = {isa = PBXBuildFile; fileRef = EAF3600B2353754300C3115C /* Assets.xcassets */; };
		EAF3600F2353754300C3115C /* LaunchScreen.storyboard in Resources */ = {isa = PBXBuildFile; fileRef = EAF3600D2353754300C3115C /* LaunchScreen.storyboard */; };
/* End PBXBuildFile section */

/* Begin PBXFileReference section */
		EAEFC6CF235398EF008C77F1 /* AnimalDelegatesCell.swift */ = {isa = PBXFileReference; lastKnownFileType = sourcecode.swift; path = AnimalDelegatesCell.swift; sourceTree = "<group>"; };
		EAEFC6D323539A0D008C77F1 /* DelegatesViewController.swift */ = {isa = PBXFileReference; lastKnownFileType = sourcecode.swift; path = DelegatesViewController.swift; sourceTree = "<group>"; };
		EAEFC6D523539A19008C77F1 /* ClosuresViewController.swift */ = {isa = PBXFileReference; lastKnownFileType = sourcecode.swift; path = ClosuresViewController.swift; sourceTree = "<group>"; };
		EAEFC6D72353AB77008C77F1 /* Animal.swift */ = {isa = PBXFileReference; lastKnownFileType = sourcecode.swift; path = Animal.swift; sourceTree = "<group>"; };
		EAEFC6D92353ABEB008C77F1 /* AnimalClosuresCell.swift */ = {isa = PBXFileReference; lastKnownFileType = sourcecode.swift; path = AnimalClosuresCell.swift; sourceTree = "<group>"; };
		EAF35FFF2353754200C3115C /* ClosuresVSDelegates.app */ = {isa = PBXFileReference; explicitFileType = wrapper.application; includeInIndex = 0; path = ClosuresVSDelegates.app; sourceTree = BUILT_PRODUCTS_DIR; };
		EAF360022353754200C3115C /* AppDelegate.swift */ = {isa = PBXFileReference; lastKnownFileType = sourcecode.swift; path = AppDelegate.swift; sourceTree = "<group>"; };
		EAF360042353754200C3115C /* SceneDelegate.swift */ = {isa = PBXFileReference; lastKnownFileType = sourcecode.swift; path = SceneDelegate.swift; sourceTree = "<group>"; };
		EAF360092353754200C3115C /* Base */ = {isa = PBXFileReference; lastKnownFileType = file.storyboard; name = Base; path = Base.lproj/Main.storyboard; sourceTree = "<group>"; };
		EAF3600B2353754300C3115C /* Assets.xcassets */ = {isa = PBXFileReference; lastKnownFileType = folder.assetcatalog; path = Assets.xcassets; sourceTree = "<group>"; };
		EAF3600E2353754300C3115C /* Base */ = {isa = PBXFileReference; lastKnownFileType = file.storyboard; name = Base; path = Base.lproj/LaunchScreen.storyboard; sourceTree = "<group>"; };
		EAF360102353754300C3115C /* Info.plist */ = {isa = PBXFileReference; lastKnownFileType = text.plist.xml; path = Info.plist; sourceTree = "<group>"; };
/* End PBXFileReference section */

/* Begin PBXFrameworksBuildPhase section */
		EAF35FFC2353754200C3115C /* Frameworks */ = {
			isa = PBXFrameworksBuildPhase;
			buildActionMask = 2147483647;
			files = (
			);
			runOnlyForDeploymentPostprocessing = 0;
		};
/* End PBXFrameworksBuildPhase section */

/* Begin PBXGroup section */
		EAEFC6DB2353EA6E008C77F1 /* Cells */ = {
			isa = PBXGroup;
			children = (
				EAEFC6D72353AB77008C77F1 /* Animal.swift */,
				EAEFC6D92353ABEB008C77F1 /* AnimalClosuresCell.swift */,
				EAEFC6CF235398EF008C77F1 /* AnimalDelegatesCell.swift */,
			);
			path = Cells;
			sourceTree = "<group>";
		};
		EAEFC6DC2353EA84008C77F1 /* View Controllers */ = {
			isa = PBXGroup;
			children = (
				EAEFC6DB2353EA6E008C77F1 /* Cells */,
				EAEFC6D523539A19008C77F1 /* ClosuresViewController.swift */,
				EAEFC6D323539A0D008C77F1 /* DelegatesViewController.swift */,
			);
			path = "View Controllers";
			sourceTree = "<group>";
		};
		EAEFC6DD2353EA9B008C77F1 /* Storyboards */ = {
			isa = PBXGroup;
			children = (
				EAF3600D2353754300C3115C /* LaunchScreen.storyboard */,
				EAF360082353754200C3115C /* Main.storyboard */,
			);
			path = Storyboards;
			sourceTree = "<group>";
		};
		EAEFC6DE2353EAB2008C77F1 /* Main */ = {
			isa = PBXGroup;
			children = (
				EAF360022353754200C3115C /* AppDelegate.swift */,
				EAF360042353754200C3115C /* SceneDelegate.swift */,
			);
			path = Main;
			sourceTree = "<group>";
		};
		EAEFC6DF2353EAD2008C77F1 /* Resources */ = {
			isa = PBXGroup;
			children = (
				EAF3600B2353754300C3115C /* Assets.xcassets */,
				EAF360102353754300C3115C /* Info.plist */,
			);
			path = Resources;
			sourceTree = "<group>";
		};
		EAF35FF62353754100C3115C = {
			isa = PBXGroup;
			children = (
				EAF360012353754200C3115C /* ClosuresVSDelegates */,
				EAF360002353754200C3115C /* Products */,
			);
			sourceTree = "<group>";
		};
		EAF360002353754200C3115C /* Products */ = {
			isa = PBXGroup;
			children = (
				EAF35FFF2353754200C3115C /* ClosuresVSDelegates.app */,
			);
			name = Products;
			sourceTree = "<group>";
		};
		EAF360012353754200C3115C /* ClosuresVSDelegates */ = {
			isa = PBXGroup;
			children = (
				EAEFC6DE2353EAB2008C77F1 /* Main */,
				EAEFC6DF2353EAD2008C77F1 /* Resources */,
				EAEFC6DD2353EA9B008C77F1 /* Storyboards */,
				EAEFC6DC2353EA84008C77F1 /* View Controllers */,
			);
			path = ClosuresVSDelegates;
			sourceTree = "<group>";
		};
/* End PBXGroup section */

/* Begin PBXNativeTarget section */
		EAF35FFE2353754200C3115C /* ClosuresVSDelegates */ = {
			isa = PBXNativeTarget;
			buildConfigurationList = EAF360132353754300C3115C /* Build configuration list for PBXNativeTarget "ClosuresVSDelegates" */;
			buildPhases = (
				EAF35FFB2353754200C3115C /* Sources */,
				EAF35FFC2353754200C3115C /* Frameworks */,
				EAF35FFD2353754200C3115C /* Resources */,
			);
			buildRules = (
			);
			dependencies = (
			);
			name = ClosuresVSDelegates;
			productName = ClosuresVSDelegates;
			productReference = EAF35FFF2353754200C3115C /* ClosuresVSDelegates.app */;
			productType = "com.apple.product-type.application";
		};
/* End PBXNativeTarget section */

/* Begin PBXProject section */
		EAF35FF72353754100C3115C /* Project object */ = {
			isa = PBXProject;
			attributes = {
				LastSwiftUpdateCheck = 1110;
				LastUpgradeCheck = 1110;
				ORGANIZATIONNAME = "Viety Software";
				TargetAttributes = {
					EAF35FFE2353754200C3115C = {
						CreatedOnToolsVersion = 11.1;
					};
				};
			};
			buildConfigurationList = EAF35FFA2353754100C3115C /* Build configuration list for PBXProject "ClosuresVSDelegates" */;
			compatibilityVersion = "Xcode 9.3";
			developmentRegion = en;
			hasScannedForEncodings = 0;
			knownRegions = (
				en,
				Base,
			);
			mainGroup = EAF35FF62353754100C3115C;
			productRefGroup = EAF360002353754200C3115C /* Products */;
			projectDirPath = "";
			projectRoot = "";
			targets = (
				EAF35FFE2353754200C3115C /* ClosuresVSDelegates */,
			);
		};
/* End PBXProject section */

/* Begin PBXResourcesBuildPhase section */
		EAF35FFD2353754200C3115C /* Resources */ = {
			isa = PBXResourcesBuildPhase;
			buildActionMask = 2147483647;
			files = (
				EAF3600F2353754300C3115C /* LaunchScreen.storyboard in Resources */,
				EAF3600C2353754300C3115C /* Assets.xcassets in Resources */,
				EAF3600A2353754200C3115C /* Main.storyboard in Resources */,
			);
			runOnlyForDeploymentPostprocessing = 0;
		};
/* End PBXResourcesBuildPhase section */

/* Begin PBXSourcesBuildPhase section */
		EAF35FFB2353754200C3115C /* Sources */ = {
			isa = PBXSourcesBuildPhase;
			buildActionMask = 2147483647;
			files = (
				EAEFC6D423539A0D008C77F1 /* DelegatesViewController.swift in Sources */,
				EAEFC6D1235398EF008C77F1 /* AnimalDelegatesCell.swift in Sources */,
				EAEFC6D623539A19008C77F1 /* ClosuresViewController.swift in Sources */,
				EAF360032353754200C3115C /* AppDelegate.swift in Sources */,
				EAEFC6DA2353ABEB008C77F1 /* AnimalClosuresCell.swift in Sources */,
				EAF360052353754200C3115C /* SceneDelegate.swift in Sources */,
				EAEFC6D82353AB77008C77F1 /* Animal.swift in Sources */,
			);
			runOnlyForDeploymentPostprocessing = 0;
		};
/* End PBXSourcesBuildPhase section */

/* Begin PBXVariantGroup section */
		EAF360082353754200C3115C /* Main.storyboard */ = {
			isa = PBXVariantGroup;
			children = (
				EAF360092353754200C3115C /* Base */,
			);
			name = Main.storyboard;
			sourceTree = "<group>";
		};
		EAF3600D2353754300C3115C /* LaunchScreen.storyboard */ = {
			isa = PBXVariantGroup;
			children = (
				EAF3600E2353754300C3115C /* Base */,
			);
			name = LaunchScreen.storyboard;
			sourceTree = "<group>";
		};
/* End PBXVariantGroup section */

/* Begin XCBuildConfiguration section */
		EAF360112353754300C3115C /* Debug */ = {
			isa = XCBuildConfiguration;
			buildSettings = {
				ALWAYS_SEARCH_USER_PATHS = NO;
				CLANG_ANALYZER_NONNULL = YES;
				CLANG_ANALYZER_NUMBER_OBJECT_CONVERSION = YES_AGGRESSIVE;
				CLANG_CXX_LANGUAGE_STANDARD = "gnu++14";
				CLANG_CXX_LIBRARY = "libc++";
				CLANG_ENABLE_MODULES = YES;
				CLANG_ENABLE_OBJC_ARC = YES;
				CLANG_ENABLE_OBJC_WEAK = YES;
				CLANG_WARN_BLOCK_CAPTURE_AUTORELEASING = YES;
				CLANG_WARN_BOOL_CONVERSION = YES;
				CLANG_WARN_COMMA = YES;
				CLANG_WARN_CONSTANT_CONVERSION = YES;
				CLANG_WARN_DEPRECATED_OBJC_IMPLEMENTATIONS = YES;
				CLANG_WARN_DIRECT_OBJC_ISA_USAGE = YES_ERROR;
				CLANG_WARN_DOCUMENTATION_COMMENTS = YES;
				CLANG_WARN_EMPTY_BODY = YES;
				CLANG_WARN_ENUM_CONVERSION = YES;
				CLANG_WARN_INFINITE_RECURSION = YES;
				CLANG_WARN_INT_CONVERSION = YES;
				CLANG_WARN_NON_LITERAL_NULL_CONVERSION = YES;
				CLANG_WARN_OBJC_IMPLICIT_RETAIN_SELF = YES;
				CLANG_WARN_OBJC_LITERAL_CONVERSION = YES;
				CLANG_WARN_OBJC_ROOT_CLASS = YES_ERROR;
				CLANG_WARN_RANGE_LOOP_ANALYSIS = YES;
				CLANG_WARN_STRICT_PROTOTYPES = YES;
				CLANG_WARN_SUSPICIOUS_MOVE = YES;
				CLANG_WARN_UNGUARDED_AVAILABILITY = YES_AGGRESSIVE;
				CLANG_WARN_UNREACHABLE_CODE = YES;
				CLANG_WARN__DUPLICATE_METHOD_MATCH = YES;
				COPY_PHASE_STRIP = NO;
				DEBUG_INFORMATION_FORMAT = dwarf;
				ENABLE_STRICT_OBJC_MSGSEND = YES;
				ENABLE_TESTABILITY = YES;
				GCC_C_LANGUAGE_STANDARD = gnu11;
				GCC_DYNAMIC_NO_PIC = NO;
				GCC_NO_COMMON_BLOCKS = YES;
				GCC_OPTIMIZATION_LEVEL = 0;
				GCC_PREPROCESSOR_DEFINITIONS = (
					"DEBUG=1",
					"$(inherited)",
				);
				GCC_WARN_64_TO_32_BIT_CONVERSION = YES;
				GCC_WARN_ABOUT_RETURN_TYPE = YES_ERROR;
				GCC_WARN_UNDECLARED_SELECTOR = YES;
				GCC_WARN_UNINITIALIZED_AUTOS = YES_AGGRESSIVE;
				GCC_WARN_UNUSED_FUNCTION = YES;
				GCC_WARN_UNUSED_VARIABLE = YES;
				IPHONEOS_DEPLOYMENT_TARGET = 13.1;
				MTL_ENABLE_DEBUG_INFO = INCLUDE_SOURCE;
				MTL_FAST_MATH = YES;
				ONLY_ACTIVE_ARCH = YES;
				SDKROOT = iphoneos;
				SWIFT_ACTIVE_COMPILATION_CONDITIONS = DEBUG;
				SWIFT_OPTIMIZATION_LEVEL = "-Onone";
			};
			name = Debug;
		};
		EAF360122353754300C3115C /* Release */ = {
			isa = XCBuildConfiguration;
			buildSettings = {
				ALWAYS_SEARCH_USER_PATHS = NO;
				CLANG_ANALYZER_NONNULL = YES;
				CLANG_ANALYZER_NUMBER_OBJECT_CONVERSION = YES_AGGRESSIVE;
				CLANG_CXX_LANGUAGE_STANDARD = "gnu++14";
				CLANG_CXX_LIBRARY = "libc++";
				CLANG_ENABLE_MODULES = YES;
				CLANG_ENABLE_OBJC_ARC = YES;
				CLANG_ENABLE_OBJC_WEAK = YES;
				CLANG_WARN_BLOCK_CAPTURE_AUTORELEASING = YES;
				CLANG_WARN_BOOL_CONVERSION = YES;
				CLANG_WARN_COMMA = YES;
				CLANG_WARN_CONSTANT_CONVERSION = YES;
				CLANG_WARN_DEPRECATED_OBJC_IMPLEMENTATIONS = YES;
				CLANG_WARN_DIRECT_OBJC_ISA_USAGE = YES_ERROR;
				CLANG_WARN_DOCUMENTATION_COMMENTS = YES;
				CLANG_WARN_EMPTY_BODY = YES;
				CLANG_WARN_ENUM_CONVERSION = YES;
				CLANG_WARN_INFINITE_RECURSION = YES;
				CLANG_WARN_INT_CONVERSION = YES;
				CLANG_WARN_NON_LITERAL_NULL_CONVERSION = YES;
				CLANG_WARN_OBJC_IMPLICIT_RETAIN_SELF = YES;
				CLANG_WARN_OBJC_LITERAL_CONVERSION = YES;
				CLANG_WARN_OBJC_ROOT_CLASS = YES_ERROR;
				CLANG_WARN_RANGE_LOOP_ANALYSIS = YES;
				CLANG_WARN_STRICT_PROTOTYPES = YES;
				CLANG_WARN_SUSPICIOUS_MOVE = YES;
				CLANG_WARN_UNGUARDED_AVAILABILITY = YES_AGGRESSIVE;
				CLANG_WARN_UNREACHABLE_CODE = YES;
				CLANG_WARN__DUPLICATE_METHOD_MATCH = YES;
				COPY_PHASE_STRIP = NO;
				DEBUG_INFORMATION_FORMAT = "dwarf-with-dsym";
				ENABLE_NS_ASSERTIONS = NO;
				ENABLE_STRICT_OBJC_MSGSEND = YES;
				GCC_C_LANGUAGE_STANDARD = gnu11;
				GCC_NO_COMMON_BLOCKS = YES;
				GCC_WARN_64_TO_32_BIT_CONVERSION = YES;
				GCC_WARN_ABOUT_RETURN_TYPE = YES_ERROR;
				GCC_WARN_UNDECLARED_SELECTOR = YES;
				GCC_WARN_UNINITIALIZED_AUTOS = YES_AGGRESSIVE;
				GCC_WARN_UNUSED_FUNCTION = YES;
				GCC_WARN_UNUSED_VARIABLE = YES;
				IPHONEOS_DEPLOYMENT_TARGET = 13.1;
				MTL_ENABLE_DEBUG_INFO = NO;
				MTL_FAST_MATH = YES;
				SDKROOT = iphoneos;
				SWIFT_COMPILATION_MODE = wholemodule;
				SWIFT_OPTIMIZATION_LEVEL = "-O";
				VALIDATE_PRODUCT = YES;
			};
			name = Release;
		};
		EAF360142353754300C3115C /* Debug */ = {
			isa = XCBuildConfiguration;
			buildSettings = {
				ASSETCATALOG_COMPILER_APPICON_NAME = AppIcon;
				CODE_SIGN_STYLE = Automatic;
				DEVELOPMENT_TEAM = 6MDNYQMJB6;
				INFOPLIST_FILE = ClosuresVSDelegates/Resources/Info.plist;
				LD_RUNPATH_SEARCH_PATHS = (
					"$(inherited)",
					"@executable_path/Frameworks",
				);
				PRODUCT_BUNDLE_IDENTIFIER = com.congviet.ClosuresVSDelegates;
				PRODUCT_NAME = "$(TARGET_NAME)";
				SWIFT_VERSION = 5.0;
				TARGETED_DEVICE_FAMILY = "1,2";
			};
			name = Debug;
		};
		EAF360152353754300C3115C /* Release */ = {
			isa = XCBuildConfiguration;
			buildSettings = {
				ASSETCATALOG_COMPILER_APPICON_NAME = AppIcon;
				CODE_SIGN_STYLE = Automatic;
				DEVELOPMENT_TEAM = 6MDNYQMJB6;
				INFOPLIST_FILE = ClosuresVSDelegates/Resources/Info.plist;
				LD_RUNPATH_SEARCH_PATHS = (
					"$(inherited)",
					"@executable_path/Frameworks",
				);
				PRODUCT_BUNDLE_IDENTIFIER = com.congviet.ClosuresVSDelegates;
				PRODUCT_NAME = "$(TARGET_NAME)";
				SWIFT_VERSION = 5.0;
				TARGETED_DEVICE_FAMILY = "1,2";
			};
			name = Release;
		};
/* End XCBuildConfiguration section */

/* Begin XCConfigurationList section */
		EAF35FFA2353754100C3115C /* Build configuration list for PBXProject "ClosuresVSDelegates" */ = {
			isa = XCConfigurationList;
			buildConfigurations = (
				EAF360112353754300C3115C /* Debug */,
				EAF360122353754300C3115C /* Release */,
			);
			defaultConfigurationIsVisible = 0;
			defaultConfigurationName = Release;
		};
		EAF360132353754300C3115C /* Build configuration list for PBXNativeTarget "ClosuresVSDelegates" */ = {
			isa = XCConfigurationList;
			buildConfigurations = (
				EAF360142353754300C3115C /* Debug */,
				EAF360152353754300C3115C /* Release */,
			);
			defaultConfigurationIsVisible = 0;
			defaultConfigurationName = Release;
		};
/* End XCConfigurationList section */
	};
	rootObject = EAF35FF72353754100C3115C /* Project object */;
}
